
Microsoft Visual Studio Solution File, Format Version 12.00
# Visual Studio Version 17
VisualStudioVersion = 17.2.32602.215
MinimumVisualStudioVersion = 10.0.40219.1
Project("{9A19103F-16F7-4668-BE54-9A1E7A4F7556}") = "BookDemo", "..\..\..\Downloads\minimal-apis-course-4.1\minimal-apis-course-final-master\BookDemo\BookDemo.csproj", "{51AAFBD9-0732-4BCB-A9FA-11EE7E0D77DB}"
EndProject
Project("{9A19103F-16F7-4668-BE54-9A1E7A4F7556}") = "Shared", "..\..\..\Downloads\minimal-apis-course-4.1\minimal-apis-course-final-master\Shared\Shared.csproj", "{2F157756-022F-4FEB-A6E4-808BB4D45BFD}"
EndProject
Global
	GlobalSection(SolutionConfigurationPlatforms) = preSolution
		Debug|Any CPU = Debug|Any CPU
		Release|Any CPU = Release|Any CPU
	EndGlobalSection
	GlobalSection(ProjectConfigurationPlatforms) = postSolution
		{51AAFBD9-0732-4BCB-A9FA-11EE7E0D77DB}.Debug|Any CPU.ActiveCfg = Debug|Any CPU
		{51AAFBD9-0732-4BCB-A9FA-11EE7E0D77DB}.Debug|Any CPU.Build.0 = Debug|Any CPU
		{51AAFBD9-0732-4BCB-A9FA-11EE7E0D77DB}.Release|Any CPU.ActiveCfg = Release|Any CPU
		{51AAFBD9-0732-4BCB-A9FA-11EE7E0D77DB}.Release|Any CPU.Build.0 = Release|Any CPU
		{2F157756-022F-4FEB-A6E4-808BB4D45BFD}.Debug|Any CPU.ActiveCfg = Debug|Any CPU
		{2F157756-022F-4FEB-A6E4-808BB4D45BFD}.Debug|Any CPU.Build.0 = Debug|Any CPU
		{2F157756-022F-4FEB-A6E4-808BB4D45BFD}.Release|Any CPU.ActiveCfg = Release|Any CPU
		{2F157756-022F-4FEB-A6E4-808BB4D45BFD}.Release|Any CPU.Build.0 = Release|Any CPU
	EndGlobalSection
	GlobalSection(SolutionProperties) = preSolution
		HideSolutionNode = FALSE
	EndGlobalSection
	GlobalSection(ExtensibilityGlobals) = postSolution
		SolutionGuid = {680331CA-7C51-42D3-9EB3-83E4DB6879EB}
	EndGlobalSection
EndGlobal
